
Microsoft Visual Studio Solution File, Format Version 12.00
# Visual Studio Version 16
VisualStudioVersion = 16.0.32901.82
MinimumVisualStudioVersion = 10.0.40219.1
Project("{FAE04EC0-301F-11D3-BF4B-00C04F79EFBC}") = "MyLabWork6-3", "MyLabWork6-3\MyLabWork6-3.csproj", "{DB21ED89-78A1-452F-95FF-41C6E5A43A44}"
EndProject
Global
	GlobalSection(SolutionConfigurationPlatforms) = preSolution
		Debug|Any CPU = Debug|Any CPU
		Release|Any CPU = Release|Any CPU
	EndGlobalSection
	GlobalSection(ProjectConfigurationPlatforms) = postSolution
		{DB21ED89-78A1-452F-95FF-41C6E5A43A44}.Debug|Any CPU.ActiveCfg = Debug|Any CPU
		{DB21ED89-78A1-452F-95FF-41C6E5A43A44}.Debug|Any CPU.Build.0 = Debug|Any CPU
		{DB21ED89-78A1-452F-95FF-41C6E5A43A44}.Release|Any CPU.ActiveCfg = Release|Any CPU
		{DB21ED89-78A1-452F-95FF-41C6E5A43A44}.Release|Any CPU.Build.0 = Release|Any CPU
	EndGlobalSection
	GlobalSection(SolutionProperties) = preSolution
		HideSolutionNode = FALSE
	EndGlobalSection
	GlobalSection(ExtensibilityGlobals) = postSolution
		SolutionGuid = {ADD74F96-0D7F-416E-A21B-EE2544DAE296}
	EndGlobalSection
EndGlobal
